# This file is autogenerated, do not edit; changes may be undone by the next 'dep ensure'.


[[projects]]
  digest = "1:09dc81ea7dcb211fe05915cc598e1532ee0fe4e9394ab4663c230e75ffb5aad5"
  name = "github.com/hanwen/go-fuse"
  packages = [
    "fuse",
    "fuse/nodefs",
    "fuse/pathfs",
    "splice",
  ]
  pruneopts = "UT"
  revision = "5690be47d614355a22931c129e1075c25a62e9ac"
  version = "v20170619"

[solve-meta]
  analyzer-name = "dep"
  analyzer-version = 1
  input-imports = [
    "github.com/hanwen/go-fuse/fuse",
    "github.com/hanwen/go-fuse/fuse/nodefs",
    "github.com/hanwen/go-fuse/fuse/pathfs",
  ]
  solver-name = "gps-cdcl"
  solver-version = 1
